
Microsoft Visual Studio Solution File, Format Version 12.00
# Visual Studio 2012
Project("{FAE04EC0-301F-11D3-BF4B-00C04F79EFBC}") = "UsaaraKemith", "UsaaraKemith\UsaaraKemith.csproj", "{7260DE6D-C369-43F5-AC78-FCD41C3E247C}"
EndProject
Project("{FAE04EC0-301F-11D3-BF4B-00C04F79EFBC}") = "UsaaraKemith.Business", "UsaaraKemith.Business\UsaaraKemith.Business.csproj", "{52335ABA-D13A-4F84-B6A9-3D1230F84144}"
EndProject
Project("{FAE04EC0-301F-11D3-BF4B-00C04F79EFBC}") = "UsaaraKemith.Client", "UsaaraKemith.Client\UsaaraKemith.Client.csproj", "{E9078614-8003-439E-9A87-36CFC7635E6C}"
EndProject
Project("{FAE04EC0-301F-11D3-BF4B-00C04F79EFBC}") = "UsaaraKemith.Entities", "UsaaraKemith.Entities\UsaaraKemith.Entities.csproj", "{2F54440B-8E1B-496B-8E76-3498DAB3B41D}"
EndProject
Project("{FAE04EC0-301F-11D3-BF4B-00C04F79EFBC}") = "UsaaraKemith.Presentation", "UsaaraKemith.Presentation\UsaaraKemith.Presentation.csproj", "{8003E95A-86EB-4E19-96BD-827240AD8F8D}"
EndProject
Project("{FAE04EC0-301F-11D3-BF4B-00C04F79EFBC}") = "UsaaraKemith.Views", "UsaaraKemith.Views\UsaaraKemith.Views.csproj", "{0373F178-61D4-48A0-B4C4-F2B38078750E}"
EndProject
Project("{FAE04EC0-301F-11D3-BF4B-00C04F79EFBC}") = "AudioPlaybackAgent", "AudioPlaybackAgent\AudioPlaybackAgent.csproj", "{6198D795-8088-4459-BDE4-3F3483BDDF63}"
EndProject
Global
	GlobalSection(SolutionConfigurationPlatforms) = preSolution
		Debug|Any CPU = Debug|Any CPU
		Debug|ARM = Debug|ARM
		Debug|x86 = Debug|x86
		Release|Any CPU = Release|Any CPU
		Release|ARM = Release|ARM
		Release|x86 = Release|x86
	EndGlobalSection
	GlobalSection(ProjectConfigurationPlatforms) = postSolution
		{7260DE6D-C369-43F5-AC78-FCD41C3E247C}.Debug|Any CPU.ActiveCfg = Debug|Any CPU
		{7260DE6D-C369-43F5-AC78-FCD41C3E247C}.Debug|Any CPU.Build.0 = Debug|Any CPU
		{7260DE6D-C369-43F5-AC78-FCD41C3E247C}.Debug|Any CPU.Deploy.0 = Debug|Any CPU
		{7260DE6D-C369-43F5-AC78-FCD41C3E247C}.Debug|ARM.ActiveCfg = Debug|ARM
		{7260DE6D-C369-43F5-AC78-FCD41C3E247C}.Debug|ARM.Build.0 = Debug|ARM
		{7260DE6D-C369-43F5-AC78-FCD41C3E247C}.Debug|ARM.Deploy.0 = Debug|ARM
		{7260DE6D-C369-43F5-AC78-FCD41C3E247C}.Debug|x86.ActiveCfg = Debug|x86
		{7260DE6D-C369-43F5-AC78-FCD41C3E247C}.Debug|x86.Build.0 = Debug|x86
		{7260DE6D-C369-43F5-AC78-FCD41C3E247C}.Debug|x86.Deploy.0 = Debug|x86
		{7260DE6D-C369-43F5-AC78-FCD41C3E247C}.Release|Any CPU.ActiveCfg = Release|Any CPU
		{7260DE6D-C369-43F5-AC78-FCD41C3E247C}.Release|Any CPU.Build.0 = Release|Any CPU
		{7260DE6D-C369-43F5-AC78-FCD41C3E247C}.Release|Any CPU.Deploy.0 = Release|Any CPU
		{7260DE6D-C369-43F5-AC78-FCD41C3E247C}.Release|ARM.ActiveCfg = Release|ARM
		{7260DE6D-C369-43F5-AC78-FCD41C3E247C}.Release|ARM.Build.0 = Release|ARM
		{7260DE6D-C369-43F5-AC78-FCD41C3E247C}.Release|ARM.Deploy.0 = Release|ARM
		{7260DE6D-C369-43F5-AC78-FCD41C3E247C}.Release|x86.ActiveCfg = Release|x86
		{7260DE6D-C369-43F5-AC78-FCD41C3E247C}.Release|x86.Build.0 = Release|x86
		{7260DE6D-C369-43F5-AC78-FCD41C3E247C}.Release|x86.Deploy.0 = Release|x86
		{52335ABA-D13A-4F84-B6A9-3D1230F84144}.Debug|Any CPU.ActiveCfg = Debug|Any CPU
		{52335ABA-D13A-4F84-B6A9-3D1230F84144}.Debug|Any CPU.Build.0 = Debug|Any CPU
		{52335ABA-D13A-4F84-B6A9-3D1230F84144}.Debug|ARM.ActiveCfg = Debug|ARM
		{52335ABA-D13A-4F84-B6A9-3D1230F84144}.Debug|ARM.Build.0 = Debug|ARM
		{52335ABA-D13A-4F84-B6A9-3D1230F84144}.Debug|x86.ActiveCfg = Debug|x86
		{52335ABA-D13A-4F84-B6A9-3D1230F84144}.Debug|x86.Build.0 = Debug|x86
		{52335ABA-D13A-4F84-B6A9-3D1230F84144}.Release|Any CPU.ActiveCfg = Release|Any CPU
		{52335ABA-D13A-4F84-B6A9-3D1230F84144}.Release|Any CPU.Build.0 = Release|Any CPU
		{52335ABA-D13A-4F84-B6A9-3D1230F84144}.Release|ARM.ActiveCfg = Release|ARM
		{52335ABA-D13A-4F84-B6A9-3D1230F84144}.Release|ARM.Build.0 = Release|ARM
		{52335ABA-D13A-4F84-B6A9-3D1230F84144}.Release|x86.ActiveCfg = Release|x86
		{52335ABA-D13A-4F84-B6A9-3D1230F84144}.Release|x86.Build.0 = Release|x86
		{E9078614-8003-439E-9A87-36CFC7635E6C}.Debug|Any CPU.ActiveCfg = Debug|Any CPU
		{E9078614-8003-439E-9A87-36CFC7635E6C}.Debug|Any CPU.Build.0 = Debug|Any CPU
		{E9078614-8003-439E-9A87-36CFC7635E6C}.Debug|ARM.ActiveCfg = Debug|ARM
		{E9078614-8003-439E-9A87-36CFC7635E6C}.Debug|ARM.Build.0 = Debug|ARM
		{E9078614-8003-439E-9A87-36CFC7635E6C}.Debug|x86.ActiveCfg = Debug|x86
		{E9078614-8003-439E-9A87-36CFC7635E6C}.Debug|x86.Build.0 = Debug|x86
		{E9078614-8003-439E-9A87-36CFC7635E6C}.Release|Any CPU.ActiveCfg = Release|Any CPU
		{E9078614-8003-439E-9A87-36CFC7635E6C}.Release|Any CPU.Build.0 = Release|Any CPU
		{E9078614-8003-439E-9A87-36CFC7635E6C}.Release|ARM.ActiveCfg = Release|ARM
		{E9078614-8003-439E-9A87-36CFC7635E6C}.Release|ARM.Build.0 = Release|ARM
		{E9078614-8003-439E-9A87-36CFC7635E6C}.Release|x86.ActiveCfg = Release|x86
		{E9078614-8003-439E-9A87-36CFC7635E6C}.Release|x86.Build.0 = Release|x86
		{2F54440B-8E1B-496B-8E76-3498DAB3B41D}.Debug|Any CPU.ActiveCfg = Debug|Any CPU
		{2F54440B-8E1B-496B-8E76-3498DAB3B41D}.Debug|Any CPU.Build.0 = Debug|Any CPU
		{2F54440B-8E1B-496B-8E76-3498DAB3B41D}.Debug|ARM.ActiveCfg = Debug|ARM
		{2F54440B-8E1B-496B-8E76-3498DAB3B41D}.Debug|ARM.Build.0 = Debug|ARM
		{2F54440B-8E1B-496B-8E76-3498DAB3B41D}.Debug|x86.ActiveCfg = Debug|x86
		{2F54440B-8E1B-496B-8E76-3498DAB3B41D}.Debug|x86.Build.0 = Debug|x86
		{2F54440B-8E1B-496B-8E76-3498DAB3B41D}.Release|Any CPU.ActiveCfg = Release|Any CPU
		{2F54440B-8E1B-496B-8E76-3498DAB3B41D}.Release|Any CPU.Build.0 = Release|Any CPU
		{2F54440B-8E1B-496B-8E76-3498DAB3B41D}.Release|ARM.ActiveCfg = Release|ARM
		{2F54440B-8E1B-496B-8E76-3498DAB3B41D}.Release|ARM.Build.0 = Release|ARM
		{2F54440B-8E1B-496B-8E76-3498DAB3B41D}.Release|x86.ActiveCfg = Release|x86
		{2F54440B-8E1B-496B-8E76-3498DAB3B41D}.Release|x86.Build.0 = Release|x86
		{8003E95A-86EB-4E19-96BD-827240AD8F8D}.Debug|Any CPU.ActiveCfg = Debug|Any CPU
		{8003E95A-86EB-4E19-96BD-827240AD8F8D}.Debug|Any CPU.Build.0 = Debug|Any CPU
		{8003E95A-86EB-4E19-96BD-827240AD8F8D}.Debug|ARM.ActiveCfg = Debug|ARM
		{8003E95A-86EB-4E19-96BD-827240AD8F8D}.Debug|ARM.Build.0 = Debug|ARM
		{8003E95A-86EB-4E19-96BD-827240AD8F8D}.Debug|x86.ActiveCfg = Debug|x86
		{8003E95A-86EB-4E19-96BD-827240AD8F8D}.Debug|x86.Build.0 = Debug|x86
		{8003E95A-86EB-4E19-96BD-827240AD8F8D}.Release|Any CPU.ActiveCfg = Release|Any CPU
		{8003E95A-86EB-4E19-96BD-827240AD8F8D}.Release|Any CPU.Build.0 = Release|Any CPU
		{8003E95A-86EB-4E19-96BD-827240AD8F8D}.Release|ARM.ActiveCfg = Release|ARM
		{8003E95A-86EB-4E19-96BD-827240AD8F8D}.Release|ARM.Build.0 = Release|ARM
		{8003E95A-86EB-4E19-96BD-827240AD8F8D}.Release|x86.ActiveCfg = Release|x86
		{8003E95A-86EB-4E19-96BD-827240AD8F8D}.Release|x86.Build.0 = Release|x86
		{0373F178-61D4-48A0-B4C4-F2B38078750E}.Debug|Any CPU.ActiveCfg = Debug|Any CPU
		{0373F178-61D4-48A0-B4C4-F2B38078750E}.Debug|Any CPU.Build.0 = Debug|Any CPU
		{0373F178-61D4-48A0-B4C4-F2B38078750E}.Debug|ARM.ActiveCfg = Debug|ARM
		{0373F178-61D4-48A0-B4C4-F2B38078750E}.Debug|ARM.Build.0 = Debug|ARM
		{0373F178-61D4-48A0-B4C4-F2B38078750E}.Debug|x86.ActiveCfg = Debug|x86
		{0373F178-61D4-48A0-B4C4-F2B38078750E}.Debug|x86.Build.0 = Debug|x86
		{0373F178-61D4-48A0-B4C4-F2B38078750E}.Release|Any CPU.ActiveCfg = Release|Any CPU
		{0373F178-61D4-48A0-B4C4-F2B38078750E}.Release|Any CPU.Build.0 = Release|Any CPU
		{0373F178-61D4-48A0-B4C4-F2B38078750E}.Release|ARM.ActiveCfg = Release|ARM
		{0373F178-61D4-48A0-B4C4-F2B38078750E}.Release|ARM.Build.0 = Release|ARM
		{0373F178-61D4-48A0-B4C4-F2B38078750E}.Release|x86.ActiveCfg = Release|x86
		{0373F178-61D4-48A0-B4C4-F2B38078750E}.Release|x86.Build.0 = Release|x86
		{6198D795-8088-4459-BDE4-3F3483BDDF63}.Debug|Any CPU.ActiveCfg = Debug|Any CPU
		{6198D795-8088-4459-BDE4-3F3483BDDF63}.Debug|Any CPU.Build.0 = Debug|Any CPU
		{6198D795-8088-4459-BDE4-3F3483BDDF63}.Debug|ARM.ActiveCfg = Debug|ARM
		{6198D795-8088-4459-BDE4-3F3483BDDF63}.Debug|ARM.Build.0 = Debug|ARM
		{6198D795-8088-4459-BDE4-3F3483BDDF63}.Debug|x86.ActiveCfg = Debug|x86
		{6198D795-8088-4459-BDE4-3F3483BDDF63}.Debug|x86.Build.0 = Debug|x86
		{6198D795-8088-4459-BDE4-3F3483BDDF63}.Release|Any CPU.ActiveCfg = Release|Any CPU
		{6198D795-8088-4459-BDE4-3F3483BDDF63}.Release|Any CPU.Build.0 = Release|Any CPU
		{6198D795-8088-4459-BDE4-3F3483BDDF63}.Release|ARM.ActiveCfg = Release|ARM
		{6198D795-8088-4459-BDE4-3F3483BDDF63}.Release|ARM.Build.0 = Release|ARM
		{6198D795-8088-4459-BDE4-3F3483BDDF63}.Release|x86.ActiveCfg = Release|x86
		{6198D795-8088-4459-BDE4-3F3483BDDF63}.Release|x86.Build.0 = Release|x86
	EndGlobalSection
	GlobalSection(SolutionProperties) = preSolution
		HideSolutionNode = FALSE
	EndGlobalSection
EndGlobal
